github.com/Masterminds/semver v1.5.0 h1:H65muMkzWKEuNDnfl9d70GUjFniHKHRbFPGBuZ3QEww=
github.com/Masterminds/semver v1.5.0/go.mod h1:MB6lktGJrhw8PrUyiEoblNEGEQ+RzHPF078ddwwvV3Y=
github.com/aws/aws-sdk-go v1.25.3 h1:uM16hIw9BotjZKMZlX05SN2EFtaWfi/NonPKIARiBLQ=
github.com/aws/aws-sdk-go v1.25.3/go.mod h1:KmX6BPdI08NWTb3/sm4ZGu5ShLoqVDhKgpiN924inxo=
github.com/aws/aws-sdk-go v1.25.10 h1:3epJfNmP6xWkOpLOdhIIj07+9UAJwvbzq8bBzyPigI4=
github.com/aws/aws-sdk-go v1.25.10/go.mod h1:KmX6BPdI08NWTb3/sm4ZGu5ShLoqVDhKgpiN924inxo=
github.com/aws/aws-sdk-go v1.25.11 h1:wUivbsVOH3LpHdC3Rl5i+FLHfg4sOmYgv4bvHe7+/Pg=
github.com/aws/aws-sdk-go v1.25.11/go.mod h1:KmX6BPdI08NWTb3/sm4ZGu5ShLoqVDhKgpiN924inxo=
github.com/aws/aws-sdk-go v1.25.12 h1:a4h2FxoUJq9h+hajSE/dsRiqoOniIh6BkzhxMjkepzY=
github.com/aws/aws-sdk-go v1.25.12/go.mod h1:KmX6BPdI08NWTb3/sm4ZGu5ShLoqVDhKgpiN924inxo=
github.com/aws/aws-sdk-go v1.25.13 h1:qc1PpYdVQXI4eH5Ou25LD3Mb68HAY+AUn7yG4cWlqj8=
github.com/aws/aws-sdk-go v1.25.13/go.mod h1:KmX6BPdI08NWTb3/sm4ZGu5ShLoqVDhKgpiN924inxo=
github.com/aws/aws-sdk-go v1.25.14 h1:hEsU+cukBOQe1wRRuvEgG+y6AVCyS2eyHWuTefhGxTY=
github.com/aws/aws-sdk-go v1.25.14/go.mod h1:KmX6BPdI08NWTb3/sm4ZGu5ShLoqVDhKgpiN924inxo=
github.com/aws/aws-sdk-go v1.25.15 h1:2XrAm3F7QuNguJXJ6SUJxywL1TPNDM3z/mNEaS0CHtk=
github.com/aws/aws-sdk-go v1.25.15/go.mod h1:KmX6BPdI08NWTb3/sm4ZGu5ShLoqVDhKgpiN924inxo=
github.com/aws/aws-sdk-go v1.25.16 h1:k7Fy6T/uNuLX6zuayU/TJoP7yMgGcJSkZpF7QVjwYpA=
github.com/aws/aws-sdk-go v1.25.16/go.mod h1:KmX6BPdI08NWTb3/sm4ZGu5ShLoqVDhKgpiN924inxo=
github.com/aws/aws-sdk-go v1.25.17 h1:qIyijzjkBhVzM2+vnsP53T2zoTHeoRRnfQR2kEkBStA=
github.com/aws/aws-sdk-go v1.25.17/go.mod h1:KmX6BPdI08NWTb3/sm4ZGu5ShLoqVDhKgpiN924inxo=
github.com/aws/aws-sdk-go v1.25.18 h1:fMEkpli4r+FS4xZRqjgjYHP+uKaSwfk2MOcDUpLYwIE=
github.com/aws/aws-sdk-go v1.25.18/go.mod h1:KmX6BPdI08NWTb3/sm4ZGu5ShLoqVDhKgpiN924inxo=
github.com/aws/aws-sdk-go v1.25.19 h1:sp3xP91qIAVhWufyn9qM6Zhhn6kX06WJQcmhRj7QTXc=
github.com/aws/aws-sdk-go v1.25.19/go.mod h1:KmX6BPdI08NWTb3/sm4ZGu5ShLoqVDhKgpiN924inxo=
github.com/aws/aws-sdk-go v1.25.20 h1:oetJZA4n5GJPgOuoTYVoDo5/EIBwTVkqpb7xPA1C2Mw=
github.com/aws/aws-sdk-go v1.25.20/go.mod h1:KmX6BPdI08NWTb3/sm4ZGu5ShLoqVDhKgpiN924inxo=
github.com/aws/aws-sdk-go v1.25.21 h1:ikvfTGgl09JB7LBK7V4RldG7q07SoSdFO5Kq1QZOWkM=
github.com/aws/aws-sdk-go v1.25.21/go.mod h1:KmX6BPdI08NWTb3/sm4ZGu5ShLoqVDhKgpiN924inxo=
github.com/aws/aws-sdk-go v1.25.22 h1:DXcA0jjMnGt2awoWM2qwCu+ouGDB5FYnGxCVrRweE/0=
github.com/aws/aws-sdk-go v1.25.22/go.mod h1:KmX6BPdI08NWTb3/sm4ZGu5ShLoqVDhKgpiN924inxo=
github.com/aws/aws-sdk-go v1.25.23 h1:EJx1uSb8E/HRkDa02pOb0r/73bkDbds7qg74s57qYgs=
github.com/aws/aws-sdk-go v1.25.23/go.mod h1:KmX6BPdI08NWTb3/sm4ZGu5ShLoqVDhKgpiN924inxo=
github.com/aws/aws-sdk-go v1.25.24 h1:E8b33GQlfNuMumepuWhpSX+Mw71cEQK1BQaKzVBl3js=
github.com/aws/aws-sdk-go v1.25.24/go.mod h1:KmX6BPdI08NWTb3/sm4ZGu5ShLoqVDhKgpiN924inxo=
github.com/aws/aws-sdk-go v1.25.25 h1:j3HLOqcDWjNox1DyvJRs+kVQF42Ghtv6oL6cVBfXS3U=
github.com/aws/aws-sdk-go v1.25.25/go.mod h1:KmX6BPdI08NWTb3/sm4ZGu5ShLoqVDhKgpiN924inxo=
github.com/aws/aws-sdk-go v1.25.26 h1:hMrxW3feteaGcP32oKaFdCQsCEWYf9zF12g73C0AcbI=
github.com/aws/aws-sdk-go v1.25.26/go.mod h1:KmX6BPdI08NWTb3/sm4ZGu5ShLoqVDhKgpiN924inxo=
github.com/aws/aws-sdk-go v1.25.27 h1:UANmajXi1Vn7eZ9GgdDtkFjxDiaHY6tUixCiB6Bj128=
github.com/aws/aws-sdk-go v1.25.27/go.mod h1:KmX6BPdI08NWTb3/sm4ZGu5ShLoqVDhKgpiN924inxo=
github.com/aws/aws-sdk-go v1.25.28 h1:jt6CXGH1zUxk/pKUrfqSrcmVltbUCpJHmqjoif0Unfo=
github.com/aws/aws-sdk-go v1.25.28/go.mod h1:KmX6BPdI08NWTb3/sm4ZGu5ShLoqVDhKgpiN924inxo=
github.com/aws/aws-sdk-go v1.25.29 h1:XMAoVra1O2paI3ZgiougWydq6zGt6sLzWn4qb7oVbBY=
github.com/aws/aws-sdk-go v1.25.29/go.mod h1:KmX6BPdI08NWTb3/sm4ZGu5ShLoqVDhKgpiN924inxo=
github.com/aws/aws-sdk-go v1.25.30 h1:I9qj6zW3mMfsg91e+GMSN/INcaX9tTFvr/l/BAHKaIY=
github.com/aws/aws-sdk-go v1.25.30/go.mod h1:KmX6BPdI08NWTb3/sm4ZGu5ShLoqVDhKgpiN924inxo=
github.com/aws/aws-sdk-go v1.25.31 h1:14mdh3HsTgRekePPkYcCbAaEXJknc3mN7f4XfsiMMDA=
github.com/aws/aws-sdk-go v1.25.31/go.mod h1:KmX6BPdI08NWTb3/sm4ZGu5ShLoqVDhKgpiN924inxo=
github.com/aws/aws-sdk-go v1.25.32 h1:GhqlDvuPXnlW46VoKvfLZkJj5IA6jGLO+/TUPCJSYOY=
github.com/aws/aws-sdk-go v1.25.32/go.mod h1:KmX6BPdI08NWTb3/sm4ZGu5ShLoqVDhKgpiN924inxo=
github.com/aws/aws-sdk-go v1.25.33 h1:8muvpP+Bq5e0CDkM9PDZ6tN74fVUq5v3zSCRaZ93ykM=
github.com/aws/aws-sdk-go v1.25.33/go.mod h1:KmX6BPdI08NWTb3/sm4ZGu5ShLoqVDhKgpiN924inxo=
github.com/aws/aws-sdk-go v1.25.34 h1:roL040qe1npx1ToFeXYHOGp/nOpLbcIQHKZ5UeDIyIM=
github.com/aws/aws-sdk-go v1.25.34/go.mod h1:KmX6BPdI08NWTb3/sm4ZGu5ShLoqVDhKgpiN924inxo=
github.com/aws/aws-sdk-go v1.25.35 h1:fe2tJnqty/v/50pyngKdNk/NP8PFphYDA1Z7N3EiiiE=
github.com/aws/aws-sdk-go v1.25.35/go.mod h1:KmX6BPdI08NWTb3/sm4ZGu5ShLoqVDhKgpiN924inxo=
github.com/aws/aws-sdk-go v1.25.36 h1:4+TL/Y2G5hsR1zdfHmjNG1ou1WEqsSWk8v7m1GaDKyo=
github.com/aws/aws-sdk-go v1.25.36/go.mod h1:KmX6BPdI08NWTb3/sm4ZGu5ShLoqVDhKgpiN924inxo=
github.com/aws/aws-sdk-go v1.25.37 h1:gBtB/F3dophWpsUQKN/Kni+JzYEH2mGHF4hWNtfED1w=
github.com/aws/aws-sdk-go v1.25.37/go.mod h1:KmX6BPdI08NWTb3/sm4ZGu5ShLoqVDhKgpiN924inxo=
github.com/aws/aws-sdk-go v1.25.38 h1:QfclT79PFWCyaPDq9+zTEWsOMDWFswTpP9i07YxqPf0=
github.com/aws/aws-sdk-go v1.25.38/go.mod h1:KmX6BPdI08NWTb3/sm4ZGu5ShLoqVDhKgpiN924inxo=
github.com/aws/aws-sdk-go v1.25.39 h1:1xxya3nsUaFlEZuoE5PWsIEd47RoDV/kkOGt0qEuwNw=
github.com/aws/aws-sdk-go v1.25.39/go.mod h1:KmX6BPdI08NWTb3/sm4ZGu5ShLoqVDhKgpiN924inxo=
github.com/aws/aws-sdk-go v1.25.40 h1:mojGvleHfFV7M5KBID5XjCeUHwDM5KEVS/fx3oriDZ0=
github.com/aws/aws-sdk-go v1.25.40/go.mod h1:KmX6BPdI08NWTb3/sm4ZGu5ShLoqVDhKgpiN924inxo=
github.com/aws/aws-sdk-go v1.25.41 h1:/hj7nZ0586wFqpwjNpzWiUTwtaMgxAZNZKHay80MdXw=
github.com/aws/aws-sdk-go v1.25.41/go.mod h1:KmX6BPdI08NWTb3/sm4ZGu5ShLoqVDhKgpiN924inxo=
github.com/aws/aws-sdk-go v1.25.42 h1:TTsk8HoF5sIq/i5jTjHmY2t3g+b6EiAyiolw7p50UBY=
github.com/aws/aws-sdk-go v1.25.42/go.mod h1:KmX6BPdI08NWTb3/sm4ZGu5ShLoqVDhKgpiN924inxo=
github.com/aws/aws-sdk-go v1.25.43 h1:R5YqHQFIulYVfgRySz9hvBRTWBjudISa+r0C8XQ1ufg=
github.com/aws/aws-sdk-go v1.25.43/go.mod h1:KmX6BPdI08NWTb3/sm4ZGu5ShLoqVDhKgpiN924inxo=
github.com/aws/aws-sdk-go v1.25.44 h1:n9ahFoiyn66smjF34hYr3tb6/ZdBcLuFz7BCDhHyJ7I=
github.com/aws/aws-sdk-go v1.25.44/go.mod h1:KmX6BPdI08NWTb3/sm4ZGu5ShLoqVDhKgpiN924inxo=
github.com/aws/aws-sdk-go v1.25.45 h1:aZbB6EesQtCWM8wG/YFHsZxzuhKUk0ANH3mIPmlw5Ek=
github.com/aws/aws-sdk-go v1.25.45/go.mod h1:KmX6BPdI08NWTb3/sm4ZGu5ShLoqVDhKgpiN924inxo=
github.com/aws/aws-sdk-go v1.25.46 h1:zqMOCy41L8t9Yfk2K/f59TkNdvJfvmzVCRxPrxnQ4FY=
github.com/aws/aws-sdk-go v1.25.46/go.mod h1:KmX6BPdI08NWTb3/sm4ZGu5ShLoqVDhKgpiN924inxo=
github.com/aws/aws-sdk-go v1.25.47 h1:Y13LHLosjP35FPWae95teJC4eQH2YeKD0I0dVFZ4CUM=
github.com/aws/aws-sdk-go v1.25.47/go.mod h1:KmX6BPdI08NWTb3/sm4ZGu5ShLoqVDhKgpiN924inxo=
github.com/aws/aws-sdk-go v1.25.48 h1:J82DYDGZHOKHdhx6hD24Tm30c2C3GchYGfN0mf9iKUk=
github.com/aws/aws-sdk-go v1.25.48/go.mod h1:KmX6BPdI08NWTb3/sm4ZGu5ShLoqVDhKgpiN924inxo=
github.com/aws/aws-sdk-go v1.25.49 h1:j5R2Ey+g8qaiy2NJ9iH+KWzDWS4SjXRCjhc22EeQVE4=
github.com/aws/aws-sdk-go v1.25.49/go.mod h1:KmX6BPdI08NWTb3/sm4ZGu5ShLoqVDhKgpiN924inxo=
github.com/aws/aws-sdk-go v1.25.50 h1:fTCp6qKnf1WLZGZtL0hh5PykCUaLZQBxlkTNG6fOK4I=
github.com/aws/aws-sdk-go v1.25.50/go.mod h1:KmX6BPdI08NWTb3/sm4ZGu5ShLoqVDhKgpiN924inxo=
github.com/aws/aws-sdk-go v1.26.0 h1:uddjCeunG1nroOMjcMO57g/vfwY7jJ1zYSEGmdeCeEs=
github.com/aws/aws-sdk-go v1.26.0/go.mod h1:KmX6BPdI08NWTb3/sm4ZGu5ShLoqVDhKgpiN924inxo=
github.com/aws/aws-sdk-go v1.26.1 h1:JGQggXhOiNJIqsmbYUl3cYtJZUffeOWlHtxfzGK7WPI=
github.com/aws/aws-sdk-go v1.26.1/go.mod h1:KmX6BPdI08NWTb3/sm4ZGu5ShLoqVDhKgpiN924inxo=
github.com/aws/aws-sdk-go v1.26.2 h1:MzYLmCeny4bMQcAbYcucIduVZKp0sEf1eRLvHpKI5Is=
github.com/aws/aws-sdk-go v1.26.2/go.mod h1:KmX6BPdI08NWTb3/sm4ZGu5ShLoqVDhKgpiN924inxo=
github.com/aws/aws-sdk-go v1.26.3 h1:szQdfJcUBAhQT0zZEx4sxoDuWb7iScoucxCiVxDmaBk=
github.com/aws/aws-sdk-go v1.26.3/go.mod h1:KmX6BPdI08NWTb3/sm4ZGu5ShLoqVDhKgpiN924inxo=
github.com/aws/aws-sdk-go v1.26.4 h1:vQ1XmULJriCx8QTmvtEl511rskbZeTkr0xq59ky3kfI=
github.com/aws/aws-sdk-go v1.26.4/go.mod h1:KmX6BPdI08NWTb3/sm4ZGu5ShLoqVDhKgpiN924inxo=
github.com/aws/aws-sdk-go v1.26.5 h1:mm59kTX51f/tU8Bas3zfwdJirxVdeQ+FRTWMoTdYN0M=
github.com/aws/aws-sdk-go v1.26.5/go.mod h1:KmX6BPdI08NWTb3/sm4ZGu5ShLoqVDhKgpiN924inxo=
github.com/aws/aws-sdk-go v1.26.6 h1:LinjO5+t9K/TyrZbSU1BaVJ5wIG3DlX5SffZ32Eg+kU=
github.com/aws/aws-sdk-go v1.26.6/go.mod h1:KmX6BPdI08NWTb3/sm4ZGu5ShLoqVDhKgpiN924inxo=
github.com/aws/aws-sdk-go v1.26.7 h1:ObjEnmzvSdYy8KVd3me7v/UMyCn81inLy2SyoIPoBkg=
github.com/aws/aws-sdk-go v1.26.7/go.mod h1:KmX6BPdI08NWTb3/sm4ZGu5ShLoqVDhKgpiN924inxo=
github.com/aws/aws-sdk-go v1.26.8 h1:W+MPuCFLSO/itZkZ5GFOui0YC1j3lZ507/m5DFPtzE4=
github.com/aws/aws-sdk-go v1.26.8/go.mod h1:KmX6BPdI08NWTb3/sm4ZGu5ShLoqVDhKgpiN924inxo=
github.com/aws/aws-sdk-go v1.27.0 h1:0xphMHGMLBrPMfxR2AmVjZKcMEESEgWF8Kru94BNByk=
github.com/aws/aws-sdk-go v1.27.0/go.mod h1:KmX6BPdI08NWTb3/sm4ZGu5ShLoqVDhKgpiN924inxo=
github.com/aws/aws-sdk-go v1.27.1 h1:MXnqY6SlWySaZAqNnXThOvjRFdiiOuKtC6i7baFdNdU=
github.com/aws/aws-sdk-go v1.27.1/go.mod h1:KmX6BPdI08NWTb3/sm4ZGu5ShLoqVDhKgpiN924inxo=
github.com/aws/aws-sdk-go v1.27.2 h1:yr0Lp4bcrIiP8x4JI9wPG+/t4hjdNJghmYJcKX4wh/g=
github.com/aws/aws-sdk-go v1.27.2/go.mod h1:KmX6BPdI08NWTb3/sm4ZGu5ShLoqVDhKgpiN924inxo=
github.com/aws/aws-sdk-go v1.27.3 h1:CBWC7Yot0U6OU/uosUmq7tKJVBTq6HrhgW1Vjpt9SMw=
github.com/aws/aws-sdk-go v1.27.3/go.mod h1:KmX6BPdI08NWTb3/sm4ZGu5ShLoqVDhKgpiN924inxo=
github.com/aws/aws-sdk-go v1.27.4 h1:pfzAQZn2B4OFFSG9YHGwfCANZICW6LGSRToP6fsWotI=
github.com/aws/aws-sdk-go v1.27.4/go.mod h1:KmX6BPdI08NWTb3/sm4ZGu5ShLoqVDhKgpiN924inxo=
github.com/aws/aws-sdk-go v1.28.0 h1:NkmnHFVEMTRYTleRLm5xUaL1mHKKkYQl4rCd+jzD58c=
github.com/aws/aws-sdk-go v1.28.0/go.mod h1:KmX6BPdI08NWTb3/sm4ZGu5ShLoqVDhKgpiN924inxo=
github.com/aws/aws-sdk-go v1.28.1 h1:aWBD5EJrmGFuHFn9ZdaHqWWZGZYQ5Gzb3j9G0RppLpY=
github.com/aws/aws-sdk-go v1.28.1/go.mod h1:KmX6BPdI08NWTb3/sm4ZGu5ShLoqVDhKgpiN924inxo=
github.com/aws/aws-sdk-go v1.28.2 h1:j5IXG9CdyLfcVfICqo1PXVv+rua+QQHbkXuvuU/JF+8=
github.com/aws/aws-sdk-go v1.28.2/go.mod h1:KmX6BPdI08NWTb3/sm4ZGu5ShLoqVDhKgpiN924inxo=
github.com/aws/aws-sdk-go v1.28.3 h1:FnkDp+fz4JHWUW3Ust2Wh89RpdGif077Wjis/sMrGKM=
github.com/aws/aws-sdk-go v1.28.3/go.mod h1:KmX6BPdI08NWTb3/sm4ZGu5ShLoqVDhKgpiN924inxo=
github.com/aws/aws-sdk-go v1.28.4 h1:LMGtba0y+VeepMzjz1HLie6bcgvZd7mLDxY1axBeFq8=
github.com/aws/aws-sdk-go v1.28.4/go.mod h1:KmX6BPdI08NWTb3/sm4ZGu5ShLoqVDhKgpiN924inxo=
github.com/aws/aws-sdk-go v1.28.5 h1:yYeWPM8w5FoIj3Lo0BDZxRyDpTveKTq/qvnIEPBnev8=
github.com/aws/aws-sdk-go v1.28.5/go.mod h1:KmX6BPdI08NWTb3/sm4ZGu5ShLoqVDhKgpiN924inxo=
github.com/aws/aws-sdk-go v1.28.6 h1:GUbRiuJnFDA6hQw+jK1oQyONVMO5U1EjRdrfSxfONC4=
github.com/aws/aws-sdk-go v1.28.6/go.mod h1:KmX6BPdI08NWTb3/sm4ZGu5ShLoqVDhKgpiN924inxo=
github.com/aws/aws-sdk-go v1.28.7 h1:8RUfzsEmyXR8a9G7o2snfUKwrSuqks/k4C7TIfXDDrY=
github.com/aws/aws-sdk-go v1.28.7/go.mod h1:KmX6BPdI08NWTb3/sm4ZGu5ShLoqVDhKgpiN924inxo=
github.com/aws/aws-sdk-go v1.28.8 h1:kPGnElMdW0GDc54Giy1lcE/3gAr2Gzl6cMjYKoBNFhw=
github.com/aws/aws-sdk-go v1.28.8/go.mod h1:KmX6BPdI08NWTb3/sm4ZGu5ShLoqVDhKgpiN924inxo=
github.com/aws/aws-sdk-go v1.28.9 h1:grIuBQc+p3dTRXerh5+2OxSuWFi0iXuxbFdTSg0jaW0=
github.com/aws/aws-sdk-go v1.28.9/go.mod h1:KmX6BPdI08NWTb3/sm4ZGu5ShLoqVDhKgpiN924inxo=
github.com/aws/aws-sdk-go v1.28.10 h1:uPaHYQWRXgI9ZrGrM6rkrHxkJOmI9orcvsTRhJXwX4I=
github.com/aws/aws-sdk-go v1.28.10/go.mod h1:KmX6BPdI08NWTb3/sm4ZGu5ShLoqVDhKgpiN924inxo=
github.com/davecgh/go-spew v1.1.0/go.mod h1:J7Y8YcW2NihsgmVo/mv3lAwl/skON4iLHjSsI+c5H38=
github.com/davecgh/go-spew v1.1.1 h1:vj9j/u1bqnvCEfJOwUhtlOARqs3+rkHYY13jYWTU97c=
github.com/davecgh/go-spew v1.1.1/go.mod h1:J7Y8YcW2NihsgmVo/mv3lAwl/skON4iLHjSsI+c5H38=
github.com/jmespath/go-jmespath v0.0.0-20180206201540-c2b33e8439af h1:pmfjZENx5imkbgOkpRUYLnmbU7UEFbjtDA2hxJ1ichM=
github.com/jmespath/go-jmespath v0.0.0-20180206201540-c2b33e8439af/go.mod h1:Nht3zPeWKUH0NzdCt2Blrr5ys8VGpn0CEB0cQHVjt7k=
github.com/pkg/errors v0.8.1 h1:iURUrRGxPUNPdy5/HRSm+Yj6okJ6UtLINN0Q9M4+h3I=
github.com/pkg/errors v0.8.1/go.mod h1:bwawxfHBFNV+L2hUp1rHADufV3IMtnDRdf1r5NINEl0=
github.com/pmezard/go-difflib v1.0.0 h1:4DBwDE0NGyQoBHbLQYPwSUPoCMWR5BEzIk/f1lZbAQM=
github.com/pmezard/go-difflib v1.0.0/go.mod h1:iKH77koFhYxTK1pcRnkKkqfTogsbg7gZNVY4sRDYZ/4=
github.com/stretchr/objx v0.1.0 h1:4G4v2dO3VZwixGIRoQ5Lfboy6nUhCyYzaqnIAPPhYs4=
github.com/stretchr/objx v0.1.0/go.mod h1:HFkY916IF+rwdDfMAkV7OtwuqBVzrE8GR6GFx+wExME=
github.com/stretchr/testify v1.4.0 h1:2E4SXV/wtOkTonXsotYi4li6zVWxYlZuYNCXe9XRJyk=
github.com/stretchr/testify v1.4.0/go.mod h1:j7eGeouHqKxXV5pUuKE4zz7dFj8WfuZ+81PSLYec5m4=
golang.org/x/crypto v0.0.0-20190308221718-c2843e01d9a2/go.mod h1:djNgcEr1/C05ACkg1iLfiJU5Ep61QUkGW8qpdssI0+w=
golang.org/x/net v0.0.0-20190930134127-c5a3c61f89f3 h1:6KET3Sqa7fkVfD63QnAM81ZeYg5n4HwApOJkufONnHA=
golang.org/x/net v0.0.0-20190930134127-c5a3c61f89f3/go.mod h1:z5CRVTTTmAJ677TzLLGU+0bjPO0LkuOLi4/5GtJWs/s=
golang.org/x/sys v0.0.0-20190215142949-d0b11bdaac8a/go.mod h1:STP8DvDyc/dI5b8T5hshtkjS+E42TnysNCUPdjciGhY=
golang.org/x/text v0.3.0 h1:g61tztE5qeGQ89tm6NTjjM9VPIm088od1l6aSorWRWg=
golang.org/x/text v0.3.0/go.mod h1:NqM8EUOU14njkJ3fqMW+pc6Ldnwhi/IjpwHt7yyuwOQ=
gopkg.in/check.v1 v0.0.0-20161208181325-20d25e280405 h1:yhCVgyC4o1eVCa2tZl7eS0r+SDo693bJlVdllGtEeKM=
gopkg.in/check.v1 v0.0.0-20161208181325-20d25e280405/go.mod h1:Co6ibVJAznAaIkqp8huTwlJQCZ016jof/cbN4VW5Yz0=
gopkg.in/yaml.v2 v2.2.2 h1:ZCJp+EgiOT7lHqUV2J862kp8Qj64Jo6az82+3Td9dZw=
gopkg.in/yaml.v2 v2.2.2/go.mod h1:hI93XBmqTisBFMUTm0b8Fm+jr3Dg1NNxqwp+5A1VGuI=
